
Microsoft Visual Studio Solution File, Format Version 12.00
# Visual Studio Version 17
VisualStudioVersion = 17.13.35919.96 d17.13
MinimumVisualStudioVersion = 10.0.40219.1
Project("{8BC9CEB8-8B4A-11D0-8D11-00A0C91BC942}") = "OOP_Project_AF", "OOP_Project_AF\OOP_Project_AF.vcxproj", "{78336B58-3458-4237-97BC-CE902CE7961F}"
EndProject
Global
	GlobalSection(SolutionConfigurationPlatforms) = preSolution
		Debug|x64 = Debug|x64
		Debug|x86 = Debug|x86
		Release|x64 = Release|x64
		Release|x86 = Release|x86
	EndGlobalSection
	GlobalSection(ProjectConfigurationPlatforms) = postSolution
		{78336B58-3458-4237-97BC-CE902CE7961F}.Debug|x64.ActiveCfg = Debug|x64
		{78336B58-3458-4237-97BC-CE902CE7961F}.Debug|x64.Build.0 = Debug|x64
		{78336B58-3458-4237-97BC-CE902CE7961F}.Debug|x86.ActiveCfg = Debug|Win32
		{78336B58-3458-4237-97BC-CE902CE7961F}.Debug|x86.Build.0 = Debug|Win32
		{78336B58-3458-4237-97BC-CE902CE7961F}.Release|x64.ActiveCfg = Release|x64
		{78336B58-3458-4237-97BC-CE902CE7961F}.Release|x64.Build.0 = Release|x64
		{78336B58-3458-4237-97BC-CE902CE7961F}.Release|x86.ActiveCfg = Release|Win32
		{78336B58-3458-4237-97BC-CE902CE7961F}.Release|x86.Build.0 = Release|Win32
	EndGlobalSection
	GlobalSection(SolutionProperties) = preSolution
		HideSolutionNode = FALSE
	EndGlobalSection
	GlobalSection(ExtensibilityGlobals) = postSolution
		SolutionGuid = {592C8DB7-C05F-46CB-9209-A65B9ECC9AD2}
	EndGlobalSection
EndGlobal
